
Microsoft Visual Studio Solution File, Format Version 9.00
# Visual Studio 2005
Project("{8BC9CEB8-8B4A-11D0-8D11-00A0C91BC942}") = "npsimple", "npsimple.vcproj", "{2A26E3AB-1664-4474-87A6-2EFF2C85913A}"
EndProject
Global
	GlobalSection(SolutionConfigurationPlatforms) = preSolution
		Debug|Win32 = Debug|Win32
		FirefoxDebug|Win32 = FirefoxDebug|Win32
		OperaDebug|Win32 = OperaDebug|Win32
		Release|Win32 = Release|Win32
		Safari2Debug|Win32 = Safari2Debug|Win32
		SafariDebug|Win32 = SafariDebug|Win32
	EndGlobalSection
	GlobalSection(ProjectConfigurationPlatforms) = postSolution
		{2A26E3AB-1664-4474-87A6-2EFF2C85913A}.Debug|Win32.ActiveCfg = Debug|Win32
		{2A26E3AB-1664-4474-87A6-2EFF2C85913A}.Debug|Win32.Build.0 = Debug|Win32
		{2A26E3AB-1664-4474-87A6-2EFF2C85913A}.FirefoxDebug|Win32.ActiveCfg = FirefoxDebug|Win32
		{2A26E3AB-1664-4474-87A6-2EFF2C85913A}.FirefoxDebug|Win32.Build.0 = FirefoxDebug|Win32
		{2A26E3AB-1664-4474-87A6-2EFF2C85913A}.OperaDebug|Win32.ActiveCfg = OperaDebug|Win32
		{2A26E3AB-1664-4474-87A6-2EFF2C85913A}.OperaDebug|Win32.Build.0 = OperaDebug|Win32
		{2A26E3AB-1664-4474-87A6-2EFF2C85913A}.Release|Win32.ActiveCfg = Release|Win32
		{2A26E3AB-1664-4474-87A6-2EFF2C85913A}.Release|Win32.Build.0 = Release|Win32
		{2A26E3AB-1664-4474-87A6-2EFF2C85913A}.Safari2Debug|Win32.ActiveCfg = Safari2Debug|Win32
		{2A26E3AB-1664-4474-87A6-2EFF2C85913A}.Safari2Debug|Win32.Build.0 = Safari2Debug|Win32
		{2A26E3AB-1664-4474-87A6-2EFF2C85913A}.SafariDebug|Win32.ActiveCfg = SafariDebug|Win32
		{2A26E3AB-1664-4474-87A6-2EFF2C85913A}.SafariDebug|Win32.Build.0 = SafariDebug|Win32
	EndGlobalSection
	GlobalSection(SolutionProperties) = preSolution
		HideSolutionNode = FALSE
	EndGlobalSection
EndGlobal
